{"_meta":{"file-type":"spack-lockfile","lockfile-version":7,"specfile-version":5},"spack":{"version":"1.2.2","type":"git","commit":"e4bdfadb121c12ca148bfc954c10681919258328"},"roots":[{"hash":"jdl24wfva2d2pxtq772feh6oqbehtqte","spec":"fftw+mpi","group":"Base-nvhpc-Compiler"},{"hash":"e6wrgk4woq3qa3u4rxuwaihcysmy3icn","spec":"openblas@0.3.33","group":"Base-nvhpc-Compiler"},{"hash":"jtsix6h3rqz73vajvivms5p7j3n24a5g","spec":"openmpi@5.0.10","group":"Base-nvhpc-Compiler"}],"concrete_specs":{"jdl24wfva2d2pxtq772feh6oqbehtqte":{"name":"fftw","version":"3.3.11","arch":{"platform":"linux","platform_os":"rhel10","target":{"name":"zen4","vendor":"AuthenticAMD","features":["abm","aes","avx","avx2","avx512_bf16","avx512_bitalg","avx512_vbmi2","avx512_vnni","avx512_vpopcntdq","avx512bw","avx512cd","avx512dq","avx512f","avx512ifma","avx512vbmi","avx512vl","bmi1","bmi2","clflushopt","clwb","clzero","cx16","f16c","flush_l1d","fma","fsgsbase","gfni","lahf_lm","mmx","movbe","pclmulqdq","pku","popcnt","rdseed","sse","sse2","sse3","sse4_1","sse4_2","sse4a","ssse3","vaes","vpclmulqdq","xsave","xsavec","xsaveopt"],"generation":0,"parents":["zen3","x86_64_v4"],"cpupart":""}},"namespace":"builtin","parameters":{"build_system":"autotools","mpi":true,"openmp":false,"pfft_patches":false,"precision":["double","float"],"shared":true,"cflags":[],"cppflags":[],"cxxflags":[],"fflags":[],"ldflags":[],"ldlibs":[]},"package_hash":"bz5ap2uhpvyocbmnibrxvy6djj3hdwhovhroyjhpt4biobnzko6a====","dependencies":[{"name":"compiler-wrapper","hash":"wp7asibsssk2itijb564k4erh4zbpcgu","parameters":{"deptypes":["build"],"virtuals":[]}},{"name":"glibc","hash":"bjl3kihtuzmrg7w6achvef2vrjcgbtko","parameters":{"deptypes":["link"],"virtuals":["libc"]}},{"name":"gmake","hash":"6dvzsybjsraatikeebnxlcjemybeaa7j","parameters":{"deptypes":["build"],"virtuals":[]}},{"name":"nvhpc","hash":"dfxkgu5qkhbydxoghaqqohemsfqha4cl","parameters":{"deptypes":["build"],"virtuals":["c","fortran"]}},{"name":"openmpi","hash":"jtsix6h3rqz73vajvivms5p7j3n24a5g","parameters":{"deptypes":["build","link"],"virtuals":["mpi"]}}],"annotations":{"original_specfile_version":5},"hash":"jdl24wfva2d2pxtq772feh6oqbehtqte"},"wp7asibsssk2itijb564k4erh4zbpcgu":{"name":"compiler-wrapper","version":"1.1.0","arch":{"platform":"linux","platform_os":"rhel10","target":{"name":"zen5","vendor":"AuthenticAMD","features":["abm","aes","avx","avx2","avx512_bf16","avx512_bitalg","avx512_vbmi2","avx512_vnni","avx512_vp2intersect","avx512_vpopcntdq","avx512bw","avx512cd","avx512dq","avx512f","avx512ifma","avx512vbmi","avx512vl","avx_vnni","bmi1","bmi2","clflushopt","clwb","clzero","cx16","f16c","flush_l1d","fma","fsgsbase","gfni","lahf_lm","mmx","movbe","movdir64b","movdiri","pclmulqdq","pku","popcnt","rdseed","sse","sse2","sse3","sse4_1","sse4_2","sse4a","ssse3","tsc_adjust","vaes","vpclmulqdq","xsave","xsavec","xsaveopt"],"generation":0,"parents":["zen4"],"cpupart":""}},"namespace":"builtin","parameters":{"build_system":"generic","cflags":[],"cppflags":[],"cxxflags":[],"fflags":[],"ldflags":[],"ldlibs":[]},"package_hash":"krswqw733edchvgy6sdrysilrhnacucktrtqngbnbtcymxtsnkaa====","annotations":{"original_specfile_version":5},"hash":"wp7asibsssk2itijb564k4erh4zbpcgu"},"bjl3kihtuzmrg7w6achvef2vrjcgbtko":{"name":"glibc","version":"2.39","arch":{"platform":"linux","platform_os":"rhel10","target":"x86_64"},"namespace":"builtin","parameters":{"build_system":"autotools","cflags":[],"cppflags":[],"cxxflags":[],"fflags":[],"ldflags":[],"ldlibs":[]},"external":{"path":"/usr","module":null,"extra_attributes":{}},"package_hash":"uykmboa2sw2jkcgvgh6ywrvd7l2m6puhzhzdljklfme6w6agh6ia====","annotations":{"original_specfile_version":5},"hash":"bjl3kihtuzmrg7w6achvef2vrjcgbtko"},"6dvzsybjsraatikeebnxlcjemybeaa7j":{"name":"gmake","version":"4.4.1","arch":{"platform":"linux","platform_os":"rhel10","target":{"name":"zen4","vendor":"AuthenticAMD","features":["abm","aes","avx","avx2","avx512_bf16","avx512_bitalg","avx512_vbmi2","avx512_vnni","avx512_vpopcntdq","avx512bw","avx512cd","avx512dq","avx512f","avx512ifma","avx512vbmi","avx512vl","bmi1","bmi2","clflushopt","clwb","clzero","cx16","f16c","flush_l1d","fma","fsgsbase","gfni","lahf_lm","mmx","movbe","pclmulqdq","pku","popcnt","rdseed","sse","sse2","sse3","sse4_1","sse4_2","sse4a","ssse3","vaes","vpclmulqdq","xsave","xsavec","xsaveopt"],"generation":0,"parents":["zen3","x86_64_v4"],"cpupart":""}},"namespace":"builtin","parameters":{"build_system":"generic","guile":false,"cflags":[],"cppflags":[],"cxxflags":[],"fflags":[],"ldflags":[],"ldlibs":[]},"package_hash":"t7cpl3gi3q6vihjpyqrvviu4rlsgcfjvv4mt4rcq3wie2i7jr6sq====","dependencies":[{"name":"compiler-wrapper","hash":"wp7asibsssk2itijb564k4erh4zbpcgu","parameters":{"deptypes":["build"],"virtuals":[]}},{"name":"glibc","hash":"bjl3kihtuzmrg7w6achvef2vrjcgbtko","parameters":{"deptypes":["link"],"virtuals":["libc"]}},{"name":"nvhpc","hash":"dfxkgu5qkhbydxoghaqqohemsfqha4cl","parameters":{"deptypes":["build"],"virtuals":["c"]}}],"annotations":{"original_specfile_version":5},"hash":"6dvzsybjsraatikeebnxlcjemybeaa7j"},"dfxkgu5qkhbydxoghaqqohemsfqha4cl":{"name":"nvhpc","version":"26.5","arch":{"platform":"linux","platform_os":"rhel10","target":{"name":"zen5","vendor":"AuthenticAMD","features":["abm","aes","avx","avx2","avx512_bf16","avx512_bitalg","avx512_vbmi2","avx512_vnni","avx512_vp2intersect","avx512_vpopcntdq","avx512bw","avx512cd","avx512dq","avx512f","avx512ifma","avx512vbmi","avx512vl","avx_vnni","bmi1","bmi2","clflushopt","clwb","clzero","cx16","f16c","flush_l1d","fma","fsgsbase","gfni","lahf_lm","mmx","movbe","movdir64b","movdiri","pclmulqdq","pku","popcnt","rdseed","sse","sse2","sse3","sse4_1","sse4_2","sse4a","ssse3","tsc_adjust","vaes","vpclmulqdq","xsave","xsavec","xsaveopt"],"generation":0,"parents":["zen4"],"cpupart":""}},"namespace":"builtin","parameters":{"blas":true,"build_system":"generic","default_cuda":"default","install_type":"single","lapack":true,"mpi":false,"cflags":[],"cppflags":[],"cxxflags":[],"fflags":[],"ldflags":[],"ldlibs":[]},"package_hash":"rmu3lnikl2eo5g4r77ldch4lgjx4pg5nhcd5b7d4ohxft3yww4hq====","dependencies":[{"name":"gcc","hash":"pfacopfbjrhjnqbz4rf62lqv3icxzi5y","parameters":{"deptypes":["run"],"virtuals":[]}}],"annotations":{"original_specfile_version":5},"hash":"dfxkgu5qkhbydxoghaqqohemsfqha4cl"},"pfacopfbjrhjnqbz4rf62lqv3icxzi5y":{"name":"gcc","version":"10.3.0","arch":{"platform":"linux","platform_os":"rhel10","target":{"name":"zen5","vendor":"AuthenticAMD","features":["abm","aes","avx","avx2","avx512_bf16","avx512_bitalg","avx512_vbmi2","avx512_vnni","avx512_vp2intersect","avx512_vpopcntdq","avx512bw","avx512cd","avx512dq","avx512f","avx512ifma","avx512vbmi","avx512vl","avx_vnni","bmi1","bmi2","clflushopt","clwb","clzero","cx16","f16c","flush_l1d","fma","fsgsbase","gfni","lahf_lm","mmx","movbe","movdir64b","movdiri","pclmulqdq","pku","popcnt","rdseed","sse","sse2","sse3","sse4_1","sse4_2","sse4a","ssse3","tsc_adjust","vaes","vpclmulqdq","xsave","xsavec","xsaveopt"],"generation":0,"parents":["zen4"],"cpupart":""}},"namespace":"builtin","parameters":{"binutils":true,"bootstrap":true,"build_system":"autotools","build_type":"RelWithDebInfo","futex":true,"graphite":false,"languages":["c","c++","fortran"],"libsanitizer":true,"nvptx":false,"patches":["0d136226eb07bc43f1b15284f48bd252e3748a0426b5d7ac9084ebc406e15490","2c18531a23623596e1daf6f0dd963cf72c208945ecad90515640c3ab23991159","b5e049d97f110af57041d2638662df395864f8d425af8034965c1ec851f881cf","bd4828c272d3d34643c908ab9c2bf613c5ec3e66906e807ccd993c7cf0ed56bd","cc6112d3286182f5c901cd4b4b8c239c85f686196f0898608bafe9e520cf208c"],"piclibs":false,"profiled":false,"strip":false,"cflags":[],"cppflags":[],"cxxflags":[],"fflags":[],"ldflags":[],"ldlibs":[]},"patches":["bd4828c272d3d34643c908ab9c2bf613c5ec3e66906e807ccd993c7cf0ed56bd","cc6112d3286182f5c901cd4b4b8c239c85f686196f0898608bafe9e520cf208c","2c18531a23623596e1daf6f0dd963cf72c208945ecad90515640c3ab23991159","b5e049d97f110af57041d2638662df395864f8d425af8034965c1ec851f881cf","0d136226eb07bc43f1b15284f48bd252e3748a0426b5d7ac9084ebc406e15490"],"package_hash":"tkn7etvmejkzv6qvu57joue4uvihkzflyenneyam3ra5wua4pdxq====","dependencies":[{"name":"binutils","hash":"jub2grdrjopp7jfwa5c3x5giem2daoze","parameters":{"deptypes":["build","link"],"virtuals":[]}},{"name":"compiler-wrapper","hash":"wp7asibsssk2itijb564k4erh4zbpcgu","parameters":{"deptypes":["build"],"virtuals":[]}},{"name":"gcc","hash":"o4xno4x3t5els5lclrwfscpv2xofbn57","parameters":{"deptypes":["build"],"virtuals":["c","cxx"]}},{"name":"gcc-runtime","hash":"gbwmscqsmlsqt424k6xpntm6sllqxf4c","parameters":{"deptypes":["link"],"virtuals":[]}},{"name":"glibc","hash":"bjl3kihtuzmrg7w6achvef2vrjcgbtko","parameters":{"deptypes":["link"],"virtuals":["libc"]}},{"name":"gmake","hash":"3nhmrgcjpp6il4qvgvtgo3bqk6zwugr5","parameters":{"deptypes":["build"],"virtuals":[]}},{"name":"gmp","hash":"ofdrwyappfcy4nlxfvugkpge3r52xork","parameters":{"deptypes":["build","link"],"virtuals":[]}},{"name":"mpc","hash":"iqzs26667uthfy5uymzyq7ow6cm53trm","parameters":{"deptypes":["build","link"],"virtuals":[]}},{"name":"mpfr","hash":"v67cqnsryxgpni7ncmse5kqcm7i5vafn","parameters":{"deptypes":["build","link"],"virtuals":[]}},{"name":"zlib-ng","hash":"barfcfnqwjhjro7y2uikalu7picxtvsb","parameters":{"deptypes":["build","link"],"virtuals":["zlib-api"]}},{"name":"zstd","hash":"r7zdpmfyvsxtaucfrirdo2d5uxq3volq","parameters":{"deptypes":["build","link"],"virtuals":[]}}],"annotations":{"original_specfile_version":5},"hash":"pfacopfbjrhjnqbz4rf62lqv3icxzi5y"},"jub2grdrjopp7jfwa5c3x5giem2daoze":{"name":"binutils","version":"2.47","arch":{"platform":"linux","platform_os":"rhel10","target":{"name":"zen5","vendor":"AuthenticAMD","features":["abm","aes","avx","avx2","avx512_bf16","avx512_bitalg","avx512_vbmi2","avx512_vnni","avx512_vp2intersect","avx512_vpopcntdq","avx512bw","avx512cd","avx512dq","avx512f","avx512ifma","avx512vbmi","avx512vl","avx_vnni","bmi1","bmi2","clflushopt","clwb","clzero","cx16","f16c","flush_l1d","fma","fsgsbase","gfni","lahf_lm","mmx","movbe","movdir64b","movdiri","pclmulqdq","pku","popcnt","rdseed","sse","sse2","sse3","sse4_1","sse4_2","sse4a","ssse3","tsc_adjust","vaes","vpclmulqdq","xsave","xsavec","xsaveopt"],"generation":0,"parents":["zen4"],"cpupart":""}},"namespace":"builtin","parameters":{"build_system":"autotools","compress_debug_sections":"zlib","debuginfod":false,"gas":true,"gprofng":false,"headers":false,"interwork":false,"ld":true,"libiberty":false,"libs":["shared","static"],"lto":false,"nls":false,"pgo":false,"plugins":true,"cflags":[],"cppflags":[],"cxxflags":[],"fflags":[],"ldflags":[],"ldlibs":[]},"package_hash":"wl3et3qztexeg5h2ub7upge65vqrbrblybrfrnwuag6ahrsdsscq====","dependencies":[{"name":"compiler-wrapper","hash":"wp7asibsssk2itijb564k4erh4zbpcgu","parameters":{"deptypes":["build"],"virtuals":[]}},{"name":"diffutils","hash":"asuhwnxskl64owbvein3hsrzr2y7qlty","parameters":{"deptypes":["build"],"virtuals":[]}},{"name":"gcc","hash":"o4xno4x3t5els5lclrwfscpv2xofbn57","parameters":{"deptypes":["build"],"virtuals":["c","cxx"]}},{"name":"gcc-runtime","hash":"gbwmscqsmlsqt424k6xpntm6sllqxf4c","parameters":{"deptypes":["link"],"virtuals":[]}},{"name":"glibc","hash":"bjl3kihtuzmrg7w6achvef2vrjcgbtko","parameters":{"deptypes":["link"],"virtuals":["libc"]}},{"name":"gmake","hash":"3nhmrgcjpp6il4qvgvtgo3bqk6zwugr5","parameters":{"deptypes":["build"],"virtuals":[]}},{"name":"pkgconf","hash":"lwqjqnussukvhrbukpuq7wnuur2n4kdi","parameters":{"deptypes":["build"],"virtuals":["pkgconfig"]}},{"name":"zlib-ng","hash":"barfcfnqwjhjro7y2uikalu7picxtvsb","parameters":{"deptypes":["build","link"],"virtuals":["zlib-api"]}},{"name":"zstd","hash":"r7zdpmfyvsxtaucfrirdo2d5uxq3volq","parameters":{"deptypes":["build","link"],"virtuals":[]}}],"annotations":{"original_specfile_version":5},"hash":"jub2grdrjopp7jfwa5c3x5giem2daoze"},"asuhwnxskl64owbvein3hsrzr2y7qlty":{"name":"diffutils","version":"3.12","arch":{"platform":"linux","platform_os":"rhel10","target":{"name":"zen5","vendor":"AuthenticAMD","features":["abm","aes","avx","avx2","avx512_bf16","avx512_bitalg","avx512_vbmi2","avx512_vnni","avx512_vp2intersect","avx512_vpopcntdq","avx512bw","avx512cd","avx512dq","avx512f","avx512ifma","avx512vbmi","avx512vl","avx_vnni","bmi1","bmi2","clflushopt","clwb","clzero","cx16","f16c","flush_l1d","fma","fsgsbase","gfni","lahf_lm","mmx","movbe","movdir64b","movdiri","pclmulqdq","pku","popcnt","rdseed","sse","sse2","sse3","sse4_1","sse4_2","sse4a","ssse3","tsc_adjust","vaes","vpclmulqdq","xsave","xsavec","xsaveopt"],"generation":0,"parents":["zen4"],"cpupart":""}},"namespace":"builtin","parameters":{"build_system":"autotools","cflags":[],"cppflags":[],"cxxflags":[],"fflags":[],"ldflags":[],"ldlibs":[]},"package_hash":"gwdibkyu5ed7w73ge5rpiboowwfww4lk6wa7epmipesccj7jo6ia====","dependencies":[{"name":"compiler-wrapper","hash":"wp7asibsssk2itijb564k4erh4zbpcgu","parameters":{"deptypes":["build"],"virtuals":[]}},{"name":"gcc","hash":"o4xno4x3t5els5lclrwfscpv2xofbn57","parameters":{"deptypes":["build"],"virtuals":["c"]}},{"name":"gcc-runtime","hash":"gbwmscqsmlsqt424k6xpntm6sllqxf4c","parameters":{"deptypes":["link"],"virtuals":[]}},{"name":"glibc","hash":"bjl3kihtuzmrg7w6achvef2vrjcgbtko","parameters":{"deptypes":["link"],"virtuals":["libc"]}},{"name":"gmake","hash":"3nhmrgcjpp6il4qvgvtgo3bqk6zwugr5","parameters":{"deptypes":["build"],"virtuals":[]}},{"name":"libiconv","hash":"rxgnjc7ihpugdlfzir2dqfdt3apxlzzv","parameters":{"deptypes":["build","link"],"virtuals":["iconv"]}}],"annotations":{"original_specfile_version":5},"hash":"asuhwnxskl64owbvein3hsrzr2y7qlty"},"o4xno4x3t5els5lclrwfscpv2xofbn57":{"name":"gcc","version":"14.3.1","arch":{"platform":"linux","platform_os":"rhel10","target":"x86_64"},"namespace":"builtin","parameters":{"binutils":true,"bootstrap":true,"build_system":"autotools","build_type":"RelWithDebInfo","futex":true,"graphite":false,"languages":["c","c++","fortran"],"libsanitizer":true,"mold":false,"nvptx":false,"piclibs":false,"profiled":false,"strip":false,"cflags":[],"cppflags":[],"cxxflags":[],"fflags":[],"ldflags":[],"ldlibs":[]},"external":{"path":"/usr","module":null,"extra_attributes":{"compilers":{"c":"/usr/bin/gcc","cxx":"/usr/bin/g++","fortran":"/usr/bin/gfortran"}}},"package_hash":"4nbqo63tsmnfarlbml6z6zsqmubalwh44q3vsb542tyxsjkq7huq====","annotations":{"original_specfile_version":5},"hash":"o4xno4x3t5els5lclrwfscpv2xofbn57"},"gbwmscqsmlsqt424k6xpntm6sllqxf4c":{"name":"gcc-runtime","version":"14.3.1","arch":{"platform":"linux","platform_os":"rhel10","target":{"name":"zen5","vendor":"AuthenticAMD","features":["abm","aes","avx","avx2","avx512_bf16","avx512_bitalg","avx512_vbmi2","avx512_vnni","avx512_vp2intersect","avx512_vpopcntdq","avx512bw","avx512cd","avx512dq","avx512f","avx512ifma","avx512vbmi","avx512vl","avx_vnni","bmi1","bmi2","clflushopt","clwb","clzero","cx16","f16c","flush_l1d","fma","fsgsbase","gfni","lahf_lm","mmx","movbe","movdir64b","movdiri","pclmulqdq","pku","popcnt","rdseed","sse","sse2","sse3","sse4_1","sse4_2","sse4a","ssse3","tsc_adjust","vaes","vpclmulqdq","xsave","xsavec","xsaveopt"],"generation":0,"parents":["zen4"],"cpupart":""}},"namespace":"builtin","parameters":{"build_system":"generic","cflags":[],"cppflags":[],"cxxflags":[],"fflags":[],"ldflags":[],"ldlibs":[]},"package_hash":"4wopkmadudswpydg45u4k2mzsyzwvmcmwre2cb735c7kd43qwpdq====","dependencies":[{"name":"gcc","hash":"o4xno4x3t5els5lclrwfscpv2xofbn57","parameters":{"deptypes":["build"],"virtuals":[]}},{"name":"glibc","hash":"bjl3kihtuzmrg7w6achvef2vrjcgbtko","parameters":{"deptypes":["link"],"virtuals":["libc"]}}],"annotations":{"original_specfile_version":5},"hash":"gbwmscqsmlsqt424k6xpntm6sllqxf4c"},"3nhmrgcjpp6il4qvgvtgo3bqk6zwugr5":{"name":"gmake","version":"4.4.1","arch":{"platform":"linux","platform_os":"rhel10","target":{"name":"zen5","vendor":"AuthenticAMD","features":["abm","aes","avx","avx2","avx512_bf16","avx512_bitalg","avx512_vbmi2","avx512_vnni","avx512_vp2intersect","avx512_vpopcntdq","avx512bw","avx512cd","avx512dq","avx512f","avx512ifma","avx512vbmi","avx512vl","avx_vnni","bmi1","bmi2","clflushopt","clwb","clzero","cx16","f16c","flush_l1d","fma","fsgsbase","gfni","lahf_lm","mmx","movbe","movdir64b","movdiri","pclmulqdq","pku","popcnt","rdseed","sse","sse2","sse3","sse4_1","sse4_2","sse4a","ssse3","tsc_adjust","vaes","vpclmulqdq","xsave","xsavec","xsaveopt"],"generation":0,"parents":["zen4"],"cpupart":""}},"namespace":"builtin","parameters":{"build_system":"generic","guile":false,"cflags":[],"cppflags":[],"cxxflags":[],"fflags":[],"ldflags":[],"ldlibs":[]},"package_hash":"t7cpl3gi3q6vihjpyqrvviu4rlsgcfjvv4mt4rcq3wie2i7jr6sq====","dependencies":[{"name":"compiler-wrapper","hash":"wp7asibsssk2itijb564k4erh4zbpcgu","parameters":{"deptypes":["build"],"virtuals":[]}},{"name":"gcc","hash":"o4xno4x3t5els5lclrwfscpv2xofbn57","parameters":{"deptypes":["build"],"virtuals":["c"]}},{"name":"gcc-runtime","hash":"gbwmscqsmlsqt424k6xpntm6sllqxf4c","parameters":{"deptypes":["link"],"virtuals":[]}},{"name":"glibc","hash":"bjl3kihtuzmrg7w6achvef2vrjcgbtko","parameters":{"deptypes":["link"],"virtuals":["libc"]}}],"annotations":{"original_specfile_version":5},"hash":"3nhmrgcjpp6il4qvgvtgo3bqk6zwugr5"},"rxgnjc7ihpugdlfzir2dqfdt3apxlzzv":{"name":"libiconv","version":"1.18","arch":{"platform":"linux","platform_os":"rhel10","target":{"name":"zen5","vendor":"AuthenticAMD","features":["abm","aes","avx","avx2","avx512_bf16","avx512_bitalg","avx512_vbmi2","avx512_vnni","avx512_vp2intersect","avx512_vpopcntdq","avx512bw","avx512cd","avx512dq","avx512f","avx512ifma","avx512vbmi","avx512vl","avx_vnni","bmi1","bmi2","clflushopt","clwb","clzero","cx16","f16c","flush_l1d","fma","fsgsbase","gfni","lahf_lm","mmx","movbe","movdir64b","movdiri","pclmulqdq","pku","popcnt","rdseed","sse","sse2","sse3","sse4_1","sse4_2","sse4a","ssse3","tsc_adjust","vaes","vpclmulqdq","xsave","xsavec","xsaveopt"],"generation":0,"parents":["zen4"],"cpupart":""}},"namespace":"builtin","parameters":{"build_system":"autotools","libs":["shared","static"],"cflags":[],"cppflags":[],"cxxflags":[],"fflags":[],"ldflags":[],"ldlibs":[]},"package_hash":"2ebeqfqbzesjd4r5fduvoj2jekagwfqbmfsvzqrdmhoao5e6yoia====","dependencies":[{"name":"compiler-wrapper","hash":"wp7asibsssk2itijb564k4erh4zbpcgu","parameters":{"deptypes":["build"],"virtuals":[]}},{"name":"gcc","hash":"o4xno4x3t5els5lclrwfscpv2xofbn57","parameters":{"deptypes":["build"],"virtuals":["c"]}},{"name":"gcc-runtime","hash":"gbwmscqsmlsqt424k6xpntm6sllqxf4c","parameters":{"deptypes":["link"],"virtuals":[]}},{"name":"glibc","hash":"bjl3kihtuzmrg7w6achvef2vrjcgbtko","parameters":{"deptypes":["link"],"virtuals":["libc"]}},{"name":"gmake","hash":"3nhmrgcjpp6il4qvgvtgo3bqk6zwugr5","parameters":{"deptypes":["build"],"virtuals":[]}}],"annotations":{"original_specfile_version":5},"hash":"rxgnjc7ihpugdlfzir2dqfdt3apxlzzv"},"lwqjqnussukvhrbukpuq7wnuur2n4kdi":{"name":"pkgconf","version":"2.1.0","arch":{"platform":"linux","platform_os":"rhel10","target":"x86_64"},"namespace":"builtin","parameters":{"build_system":"autotools","cflags":[],"cppflags":[],"cxxflags":[],"fflags":[],"ldflags":[],"ldlibs":[]},"external":{"path":"/usr","module":null,"extra_attributes":{}},"package_hash":"p57x5mqs35mkwpdk2zwtmxa7dikti2ss4cgy3jn4pnt7teq76w6q====","annotations":{"original_specfile_version":5},"hash":"lwqjqnussukvhrbukpuq7wnuur2n4kdi"},"barfcfnqwjhjro7y2uikalu7picxtvsb":{"name":"zlib-ng","version":"2.3.3","arch":{"platform":"linux","platform_os":"rhel10","target":{"name":"zen5","vendor":"AuthenticAMD","features":["abm","aes","avx","avx2","avx512_bf16","avx512_bitalg","avx512_vbmi2","avx512_vnni","avx512_vp2intersect","avx512_vpopcntdq","avx512bw","avx512cd","avx512dq","avx512f","avx512ifma","avx512vbmi","avx512vl","avx_vnni","bmi1","bmi2","clflushopt","clwb","clzero","cx16","f16c","flush_l1d","fma","fsgsbase","gfni","lahf_lm","mmx","movbe","movdir64b","movdiri","pclmulqdq","pku","popcnt","rdseed","sse","sse2","sse3","sse4_1","sse4_2","sse4a","ssse3","tsc_adjust","vaes","vpclmulqdq","xsave","xsavec","xsaveopt"],"generation":0,"parents":["zen4"],"cpupart":""}},"namespace":"builtin","parameters":{"build_system":"autotools","compat":true,"new_strategies":true,"opt":true,"pic":true,"shared":true,"cflags":[],"cppflags":[],"cxxflags":[],"fflags":[],"ldflags":[],"ldlibs":[]},"package_hash":"bnbx7ezlmmjgjyubhncgeel7lpbjrj6l4aeuhyewdeyz56l7tqsq====","dependencies":[{"name":"compiler-wrapper","hash":"wp7asibsssk2itijb564k4erh4zbpcgu","parameters":{"deptypes":["build"],"virtuals":[]}},{"name":"gcc","hash":"o4xno4x3t5els5lclrwfscpv2xofbn57","parameters":{"deptypes":["build"],"virtuals":["c","cxx"]}},{"name":"gcc-runtime","hash":"gbwmscqsmlsqt424k6xpntm6sllqxf4c","parameters":{"deptypes":["link"],"virtuals":[]}},{"name":"glibc","hash":"bjl3kihtuzmrg7w6achvef2vrjcgbtko","parameters":{"deptypes":["link"],"virtuals":["libc"]}},{"name":"gmake","hash":"3nhmrgcjpp6il4qvgvtgo3bqk6zwugr5","parameters":{"deptypes":["build"],"virtuals":[]}}],"annotations":{"original_specfile_version":5},"hash":"barfcfnqwjhjro7y2uikalu7picxtvsb"},"r7zdpmfyvsxtaucfrirdo2d5uxq3volq":{"name":"zstd","version":"1.5.7","arch":{"platform":"linux","platform_os":"rhel10","target":{"name":"zen5","vendor":"AuthenticAMD","features":["abm","aes","avx","avx2","avx512_bf16","avx512_bitalg","avx512_vbmi2","avx512_vnni","avx512_vp2intersect","avx512_vpopcntdq","avx512bw","avx512cd","avx512dq","avx512f","avx512ifma","avx512vbmi","avx512vl","avx_vnni","bmi1","bmi2","clflushopt","clwb","clzero","cx16","f16c","flush_l1d","fma","fsgsbase","gfni","lahf_lm","mmx","movbe","movdir64b","movdiri","pclmulqdq","pku","popcnt","rdseed","sse","sse2","sse3","sse4_1","sse4_2","sse4a","ssse3","tsc_adjust","vaes","vpclmulqdq","xsave","xsavec","xsaveopt"],"generation":0,"parents":["zen4"],"cpupart":""}},"namespace":"builtin","parameters":{"build_system":"makefile","libs":["shared","static"],"programs":false,"cflags":[],"cppflags":[],"cxxflags":[],"fflags":[],"ldflags":[],"ldlibs":[]},"package_hash":"wboc256qmgsrykonxftejdfurvumzlypglynd5a4gyqedm2fyhvq====","dependencies":[{"name":"compiler-wrapper","hash":"wp7asibsssk2itijb564k4erh4zbpcgu","parameters":{"deptypes":["build"],"virtuals":[]}},{"name":"gcc","hash":"o4xno4x3t5els5lclrwfscpv2xofbn57","parameters":{"deptypes":["build"],"virtuals":["c","cxx"]}},{"name":"gcc-runtime","hash":"gbwmscqsmlsqt424k6xpntm6sllqxf4c","parameters":{"deptypes":["link"],"virtuals":[]}},{"name":"glibc","hash":"bjl3kihtuzmrg7w6achvef2vrjcgbtko","parameters":{"deptypes":["link"],"virtuals":["libc"]}},{"name":"gmake","hash":"3nhmrgcjpp6il4qvgvtgo3bqk6zwugr5","parameters":{"deptypes":["build"],"virtuals":[]}}],"annotations":{"original_specfile_version":5},"hash":"r7zdpmfyvsxtaucfrirdo2d5uxq3volq"},"ofdrwyappfcy4nlxfvugkpge3r52xork":{"name":"gmp","version":"6.3.0","arch":{"platform":"linux","platform_os":"rhel10","target":{"name":"zen5","vendor":"AuthenticAMD","features":["abm","aes","avx","avx2","avx512_bf16","avx512_bitalg","avx512_vbmi2","avx512_vnni","avx512_vp2intersect","avx512_vpopcntdq","avx512bw","avx512cd","avx512dq","avx512f","avx512ifma","avx512vbmi","avx512vl","avx_vnni","bmi1","bmi2","clflushopt","clwb","clzero","cx16","f16c","flush_l1d","fma","fsgsbase","gfni","lahf_lm","mmx","movbe","movdir64b","movdiri","pclmulqdq","pku","popcnt","rdseed","sse","sse2","sse3","sse4_1","sse4_2","sse4a","ssse3","tsc_adjust","vaes","vpclmulqdq","xsave","xsavec","xsaveopt"],"generation":0,"parents":["zen4"],"cpupart":""}},"namespace":"builtin","parameters":{"build_system":"autotools","cxx":true,"libs":["shared","static"],"cflags":[],"cppflags":[],"cxxflags":[],"fflags":[],"ldflags":[],"ldlibs":[]},"package_hash":"ej6jun3ycycc3nv2f2qneg7ioqg75z6nojixjy5gsl4sryjap3ga====","dependencies":[{"name":"autoconf","hash":"e4v6hfbbp3i5lclrssuigclpu5hbi4xn","parameters":{"deptypes":["build"],"virtuals":[]}},{"name":"automake","hash":"c3ktq2u55c4disifutwpa743gfhbsmzf","parameters":{"deptypes":["build"],"virtuals":[]}},{"name":"compiler-wrapper","hash":"wp7asibsssk2itijb564k4erh4zbpcgu","parameters":{"deptypes":["build"],"virtuals":[]}},{"name":"gcc","hash":"o4xno4x3t5els5lclrwfscpv2xofbn57","parameters":{"deptypes":["build"],"virtuals":["c","cxx"]}},{"name":"gcc-runtime","hash":"gbwmscqsmlsqt424k6xpntm6sllqxf4c","parameters":{"deptypes":["link"],"virtuals":[]}},{"name":"glibc","hash":"bjl3kihtuzmrg7w6achvef2vrjcgbtko","parameters":{"deptypes":["link"],"virtuals":["libc"]}},{"name":"gmake","hash":"3nhmrgcjpp6il4qvgvtgo3bqk6zwugr5","parameters":{"deptypes":["build"],"virtuals":[]}}],"annotations":{"original_specfile_version":5},"hash":"ofdrwyappfcy4nlxfvugkpge3r52xork"},"e4v6hfbbp3i5lclrssuigclpu5hbi4xn":{"name":"autoconf","version":"2.71","arch":{"platform":"linux","platform_os":"rhel10","target":"x86_64"},"namespace":"builtin","parameters":{"build_system":"autotools","cflags":[],"cppflags":[],"cxxflags":[],"fflags":[],"ldflags":[],"ldlibs":[]},"external":{"path":"/usr","module":null,"extra_attributes":{}},"package_hash":"qvstdavbh7lqwlklvuy7nazz4flnvusscco543ek6fkvfstb2pkq====","annotations":{"original_specfile_version":5},"hash":"e4v6hfbbp3i5lclrssuigclpu5hbi4xn"},"c3ktq2u55c4disifutwpa743gfhbsmzf":{"name":"automake","version":"1.18.1","arch":{"platform":"linux","platform_os":"rhel10","target":{"name":"zen5","vendor":"AuthenticAMD","features":["abm","aes","avx","avx2","avx512_bf16","avx512_bitalg","avx512_vbmi2","avx512_vnni","avx512_vp2intersect","avx512_vpopcntdq","avx512bw","avx512cd","avx512dq","avx512f","avx512ifma","avx512vbmi","avx512vl","avx_vnni","bmi1","bmi2","clflushopt","clwb","clzero","cx16","f16c","flush_l1d","fma","fsgsbase","gfni","lahf_lm","mmx","movbe","movdir64b","movdiri","pclmulqdq","pku","popcnt","rdseed","sse","sse2","sse3","sse4_1","sse4_2","sse4a","ssse3","tsc_adjust","vaes","vpclmulqdq","xsave","xsavec","xsaveopt"],"generation":0,"parents":["zen4"],"cpupart":""}},"namespace":"builtin","parameters":{"build_system":"autotools","cflags":[],"cppflags":[],"cxxflags":[],"fflags":[],"ldflags":[],"ldlibs":[]},"package_hash":"ah4rkjdzqkmhyh6erbzj5cebrxeoqxt4k4peteswpmrz5wc23s7q====","dependencies":[{"name":"autoconf","hash":"e4v6hfbbp3i5lclrssuigclpu5hbi4xn","parameters":{"deptypes":["build"],"virtuals":[]}},{"name":"compiler-wrapper","hash":"wp7asibsssk2itijb564k4erh4zbpcgu","parameters":{"deptypes":["build"],"virtuals":[]}},{"name":"gcc","hash":"o4xno4x3t5els5lclrwfscpv2xofbn57","parameters":{"deptypes":["build"],"virtuals":["c"]}},{"name":"gcc-runtime","hash":"gbwmscqsmlsqt424k6xpntm6sllqxf4c","parameters":{"deptypes":["link"],"virtuals":[]}},{"name":"glibc","hash":"bjl3kihtuzmrg7w6achvef2vrjcgbtko","parameters":{"deptypes":["link"],"virtuals":["libc"]}},{"name":"gmake","hash":"3nhmrgcjpp6il4qvgvtgo3bqk6zwugr5","parameters":{"deptypes":["build"],"virtuals":[]}}],"annotations":{"original_specfile_version":5},"hash":"c3ktq2u55c4disifutwpa743gfhbsmzf"},"iqzs26667uthfy5uymzyq7ow6cm53trm":{"name":"mpc","version":"1.4.1","arch":{"platform":"linux","platform_os":"rhel10","target":{"name":"zen5","vendor":"AuthenticAMD","features":["abm","aes","avx","avx2","avx512_bf16","avx512_bitalg","avx512_vbmi2","avx512_vnni","avx512_vp2intersect","avx512_vpopcntdq","avx512bw","avx512cd","avx512dq","avx512f","avx512ifma","avx512vbmi","avx512vl","avx_vnni","bmi1","bmi2","clflushopt","clwb","clzero","cx16","f16c","flush_l1d","fma","fsgsbase","gfni","lahf_lm","mmx","movbe","movdir64b","movdiri","pclmulqdq","pku","popcnt","rdseed","sse","sse2","sse3","sse4_1","sse4_2","sse4a","ssse3","tsc_adjust","vaes","vpclmulqdq","xsave","xsavec","xsaveopt"],"generation":0,"parents":["zen4"],"cpupart":""}},"namespace":"builtin","parameters":{"build_system":"autotools","libs":["shared","static"],"cflags":[],"cppflags":[],"cxxflags":[],"fflags":[],"ldflags":[],"ldlibs":[]},"package_hash":"lmfkii3hhsmn3rubvecq2herfepppcea4jxzg7ul7fpncpcfbhvq====","dependencies":[{"name":"compiler-wrapper","hash":"wp7asibsssk2itijb564k4erh4zbpcgu","parameters":{"deptypes":["build"],"virtuals":[]}},{"name":"gcc","hash":"o4xno4x3t5els5lclrwfscpv2xofbn57","parameters":{"deptypes":["build"],"virtuals":["c"]}},{"name":"gcc-runtime","hash":"gbwmscqsmlsqt424k6xpntm6sllqxf4c","parameters":{"deptypes":["link"],"virtuals":[]}},{"name":"glibc","hash":"bjl3kihtuzmrg7w6achvef2vrjcgbtko","parameters":{"deptypes":["link"],"virtuals":["libc"]}},{"name":"gmake","hash":"3nhmrgcjpp6il4qvgvtgo3bqk6zwugr5","parameters":{"deptypes":["build"],"virtuals":[]}},{"name":"gmp","hash":"ofdrwyappfcy4nlxfvugkpge3r52xork","parameters":{"deptypes":["build","link"],"virtuals":[]}},{"name":"mpfr","hash":"v67cqnsryxgpni7ncmse5kqcm7i5vafn","parameters":{"deptypes":["build","link"],"virtuals":[]}}],"annotations":{"original_specfile_version":5},"hash":"iqzs26667uthfy5uymzyq7ow6cm53trm"},"v67cqnsryxgpni7ncmse5kqcm7i5vafn":{"name":"mpfr","version":"4.2.2","arch":{"platform":"linux","platform_os":"rhel10","target":{"name":"zen5","vendor":"AuthenticAMD","features":["abm","aes","avx","avx2","avx512_bf16","avx512_bitalg","avx512_vbmi2","avx512_vnni","avx512_vp2intersect","avx512_vpopcntdq","avx512bw","avx512cd","avx512dq","avx512f","avx512ifma","avx512vbmi","avx512vl","avx_vnni","bmi1","bmi2","clflushopt","clwb","clzero","cx16","f16c","flush_l1d","fma","fsgsbase","gfni","lahf_lm","mmx","movbe","movdir64b","movdiri","pclmulqdq","pku","popcnt","rdseed","sse","sse2","sse3","sse4_1","sse4_2","sse4a","ssse3","tsc_adjust","vaes","vpclmulqdq","xsave","xsavec","xsaveopt"],"generation":0,"parents":["zen4"],"cpupart":""}},"namespace":"builtin","parameters":{"build_system":"autotools","libs":["shared","static"],"cflags":[],"cppflags":[],"cxxflags":[],"fflags":[],"ldflags":[],"ldlibs":[]},"package_hash":"syks23o7i2b6qg24asnvlsv7feu2tgt5zqx3tbk225aehjpa4j5q====","dependencies":[{"name":"autoconf","hash":"e4v6hfbbp3i5lclrssuigclpu5hbi4xn","parameters":{"deptypes":["build"],"virtuals":[]}},{"name":"automake","hash":"c3ktq2u55c4disifutwpa743gfhbsmzf","parameters":{"deptypes":["build"],"virtuals":[]}},{"name":"compiler-wrapper","hash":"wp7asibsssk2itijb564k4erh4zbpcgu","parameters":{"deptypes":["build"],"virtuals":[]}},{"name":"gcc","hash":"o4xno4x3t5els5lclrwfscpv2xofbn57","parameters":{"deptypes":["build"],"virtuals":["c"]}},{"name":"gcc-runtime","hash":"gbwmscqsmlsqt424k6xpntm6sllqxf4c","parameters":{"deptypes":["link"],"virtuals":[]}},{"name":"glibc","hash":"bjl3kihtuzmrg7w6achvef2vrjcgbtko","parameters":{"deptypes":["link"],"virtuals":["libc"]}},{"name":"gmake","hash":"3nhmrgcjpp6il4qvgvtgo3bqk6zwugr5","parameters":{"deptypes":["build"],"virtuals":[]}},{"name":"gmp","hash":"ofdrwyappfcy4nlxfvugkpge3r52xork","parameters":{"deptypes":["build","link"],"virtuals":[]}}],"annotations":{"original_specfile_version":5},"hash":"v67cqnsryxgpni7ncmse5kqcm7i5vafn"},"jtsix6h3rqz73vajvivms5p7j3n24a5g":{"name":"openmpi","version":"5.0.10","arch":{"platform":"linux","platform_os":"rhel10","target":{"name":"zen4","vendor":"AuthenticAMD","features":["abm","aes","avx","avx2","avx512_bf16","avx512_bitalg","avx512_vbmi2","avx512_vnni","avx512_vpopcntdq","avx512bw","avx512cd","avx512dq","avx512f","avx512ifma","avx512vbmi","avx512vl","bmi1","bmi2","clflushopt","clwb","clzero","cx16","f16c","flush_l1d","fma","fsgsbase","gfni","lahf_lm","mmx","movbe","pclmulqdq","pku","popcnt","rdseed","sse","sse2","sse3","sse4_1","sse4_2","sse4a","ssse3","vaes","vpclmulqdq","xsave","xsavec","xsaveopt"],"generation":0,"parents":["zen3","x86_64_v4"],"cpupart":""}},"namespace":"builtin","parameters":{"arc":true,"atomics":true,"build_system":"autotools","cuda":false,"debug":false,"fabrics":["none"],"fortran":true,"gpfs":false,"ipv6":false,"java":false,"lustre":false,"memchecker":false,"patches":["646eb1a7382d628eb821715ca69fc5467a9a25aaddfe8290dbce008536dbfaa0"],"romio":false,"romio-filesystem":["none"],"rsh":true,"schedulers":["none"],"static":false,"two_level_namespace":false,"vt":true,"wrapper-rpath":true,"cflags":[],"cppflags":[],"cxxflags":[],"fflags":[],"ldflags":[],"ldlibs":[]},"patches":["646eb1a7382d628eb821715ca69fc5467a9a25aaddfe8290dbce008536dbfaa0"],"package_hash":"ss2rib6zwbq7nnrvmulbn3e7twzf5b5tblpiv7so4syylyolp7xa====","dependencies":[{"name":"autoconf","hash":"e4v6hfbbp3i5lclrssuigclpu5hbi4xn","parameters":{"deptypes":["build"],"virtuals":[]}},{"name":"automake","hash":"wyq3p3l5myjkstguoqqle63q3n5kpymu","parameters":{"deptypes":["build"],"virtuals":[]}},{"name":"compiler-wrapper","hash":"wp7asibsssk2itijb564k4erh4zbpcgu","parameters":{"deptypes":["build"],"virtuals":[]}},{"name":"glibc","hash":"bjl3kihtuzmrg7w6achvef2vrjcgbtko","parameters":{"deptypes":["link"],"virtuals":["libc"]}},{"name":"gmake","hash":"6dvzsybjsraatikeebnxlcjemybeaa7j","parameters":{"deptypes":["build"],"virtuals":[]}},{"name":"nvhpc","hash":"dfxkgu5qkhbydxoghaqqohemsfqha4cl","parameters":{"deptypes":["build"],"virtuals":["c","cxx","fortran"]}}],"annotations":{"original_specfile_version":5},"hash":"jtsix6h3rqz73vajvivms5p7j3n24a5g"},"wyq3p3l5myjkstguoqqle63q3n5kpymu":{"name":"automake","version":"1.18.1","arch":{"platform":"linux","platform_os":"rhel10","target":{"name":"zen4","vendor":"AuthenticAMD","features":["abm","aes","avx","avx2","avx512_bf16","avx512_bitalg","avx512_vbmi2","avx512_vnni","avx512_vpopcntdq","avx512bw","avx512cd","avx512dq","avx512f","avx512ifma","avx512vbmi","avx512vl","bmi1","bmi2","clflushopt","clwb","clzero","cx16","f16c","flush_l1d","fma","fsgsbase","gfni","lahf_lm","mmx","movbe","pclmulqdq","pku","popcnt","rdseed","sse","sse2","sse3","sse4_1","sse4_2","sse4a","ssse3","vaes","vpclmulqdq","xsave","xsavec","xsaveopt"],"generation":0,"parents":["zen3","x86_64_v4"],"cpupart":""}},"namespace":"builtin","parameters":{"build_system":"autotools","cflags":[],"cppflags":[],"cxxflags":[],"fflags":[],"ldflags":[],"ldlibs":[]},"package_hash":"ah4rkjdzqkmhyh6erbzj5cebrxeoqxt4k4peteswpmrz5wc23s7q====","dependencies":[{"name":"autoconf","hash":"e4v6hfbbp3i5lclrssuigclpu5hbi4xn","parameters":{"deptypes":["build"],"virtuals":[]}},{"name":"compiler-wrapper","hash":"wp7asibsssk2itijb564k4erh4zbpcgu","parameters":{"deptypes":["build"],"virtuals":[]}},{"name":"glibc","hash":"bjl3kihtuzmrg7w6achvef2vrjcgbtko","parameters":{"deptypes":["link"],"virtuals":["libc"]}},{"name":"gmake","hash":"6dvzsybjsraatikeebnxlcjemybeaa7j","parameters":{"deptypes":["build"],"virtuals":[]}},{"name":"nvhpc","hash":"dfxkgu5qkhbydxoghaqqohemsfqha4cl","parameters":{"deptypes":["build"],"virtuals":["c"]}}],"annotations":{"original_specfile_version":5},"hash":"wyq3p3l5myjkstguoqqle63q3n5kpymu"},"e6wrgk4woq3qa3u4rxuwaihcysmy3icn":{"name":"openblas","version":"0.3.33","arch":{"platform":"linux","platform_os":"rhel10","target":{"name":"zen4","vendor":"AuthenticAMD","features":["abm","aes","avx","avx2","avx512_bf16","avx512_bitalg","avx512_vbmi2","avx512_vnni","avx512_vpopcntdq","avx512bw","avx512cd","avx512dq","avx512f","avx512ifma","avx512vbmi","avx512vl","bmi1","bmi2","clflushopt","clwb","clzero","cx16","f16c","flush_l1d","fma","fsgsbase","gfni","lahf_lm","mmx","movbe","pclmulqdq","pku","popcnt","rdseed","sse","sse2","sse3","sse4_1","sse4_2","sse4a","ssse3","vaes","vpclmulqdq","xsave","xsavec","xsaveopt"],"generation":0,"parents":["zen3","x86_64_v4"],"cpupart":""}},"namespace":"builtin","parameters":{"bignuma":false,"build_system":"makefile","consistent_fpcsr":false,"dynamic_dispatch":true,"fortran":true,"ilp64":false,"locking":true,"patches":["723ddc1553b6d27ff89d96985f7732695935c0d4d8df766987702689bdb750ac"],"pic":true,"shared":true,"static":false,"symbol_suffix":"none","threads":"none","cflags":[],"cppflags":[],"cxxflags":[],"fflags":[],"ldflags":[],"ldlibs":[]},"patches":["723ddc1553b6d27ff89d96985f7732695935c0d4d8df766987702689bdb750ac"],"package_hash":"qqhqpd3gdoebiqm4mkyoxzuzbquwm2ae667t3enc3sixupv2ksaq====","dependencies":[{"name":"compiler-wrapper","hash":"wp7asibsssk2itijb564k4erh4zbpcgu","parameters":{"deptypes":["build"],"virtuals":[]}},{"name":"glibc","hash":"bjl3kihtuzmrg7w6achvef2vrjcgbtko","parameters":{"deptypes":["link"],"virtuals":["libc"]}},{"name":"gmake","hash":"6dvzsybjsraatikeebnxlcjemybeaa7j","parameters":{"deptypes":["build"],"virtuals":[]}},{"name":"nvhpc","hash":"dfxkgu5qkhbydxoghaqqohemsfqha4cl","parameters":{"deptypes":["build"],"virtuals":["c","cxx","fortran"]}}],"annotations":{"original_specfile_version":5},"hash":"e6wrgk4woq3qa3u4rxuwaihcysmy3icn"}}}